// !$*UTF8*$!
{
	archiveVersion = 1;
	classes = {
	};
	objectVersion = 50;
	objects = {

/* Begin PBXBuildFile section */
		2D397D9C1377BA34BB47F5A3 /* libPods-GeoFood.a in Frameworks */ = {isa = PBXBuildFile; fileRef = A3358D879E06F6D110556123 /* libPods-GeoFood.a */; };
		7456228126027776003B2D7B /* RestaurantViewController.swift in Sources */ = {isa = PBXBuildFile; fileRef = 7456228026027776003B2D7B /* RestaurantViewController.swift */; };
		745F638B26011655003FB7E9 /* LoginEntryChecker.swift in Sources */ = {isa = PBXBuildFile; fileRef = 745F638A26011655003FB7E9 /* LoginEntryChecker.swift */; };
		745F639226011C50003FB7E9 /* LoginForm.swift in Sources */ = {isa = PBXBuildFile; fileRef = 745F639126011C50003FB7E9 /* LoginForm.swift */; };
		7490280E25FCFD8D00B382B4 /* RegistrationViewController.swift in Sources */ = {isa = PBXBuildFile; fileRef = 7490280D25FCFD8D00B382B4 /* RegistrationViewController.swift */; };
		7490281825FF58A300B382B4 /* AuthorizationService.swift in Sources */ = {isa = PBXBuildFile; fileRef = 7490281725FF58A300B382B4 /* AuthorizationService.swift */; };
		7490282125FF5D1800B382B4 /* AuthorizationPresenterTests.swift in Sources */ = {isa = PBXBuildFile; fileRef = 7490282025FF5D1800B382B4 /* AuthorizationPresenterTests.swift */; };
		7490283925FF63CD00B382B4 /* AuthorizationViewControllerTests.swift in Sources */ = {isa = PBXBuildFile; fileRef = 7490283825FF63CD00B382B4 /* AuthorizationViewControllerTests.swift */; };
		7490283D25FF737B00B382B4 /* RegistrationService.swift in Sources */ = {isa = PBXBuildFile; fileRef = 7490283C25FF737B00B382B4 /* RegistrationService.swift */; };
		7490284125FF738500B382B4 /* Endpoints.swift in Sources */ = {isa = PBXBuildFile; fileRef = 7490284025FF738500B382B4 /* Endpoints.swift */; };
		7490285225FF922700B382B4 /* RegistrationConfigurator.swift in Sources */ = {isa = PBXBuildFile; fileRef = 7490285125FF922700B382B4 /* RegistrationConfigurator.swift */; };
		7490285625FF93F300B382B4 /* RegistrationPresenter.swift in Sources */ = {isa = PBXBuildFile; fileRef = 7490285525FF93F300B382B4 /* RegistrationPresenter.swift */; };
		7490285A25FF949100B382B4 /* RegistrationInteractor.swift in Sources */ = {isa = PBXBuildFile; fileRef = 7490285925FF949100B382B4 /* RegistrationInteractor.swift */; };
		7490285E25FF950500B382B4 /* RegistrationRouter.swift in Sources */ = {isa = PBXBuildFile; fileRef = 7490285D25FF950500B382B4 /* RegistrationRouter.swift */; };
		7490286425FF9A7600B382B4 /* TextFieldWithConditions.swift in Sources */ = {isa = PBXBuildFile; fileRef = 7490286325FF9A7600B382B4 /* TextFieldWithConditions.swift */; };
		7490286825FF9BB500B382B4 /* TextFieldCondition.swift in Sources */ = {isa = PBXBuildFile; fileRef = 7490286725FF9BB500B382B4 /* TextFieldCondition.swift */; };
		7490286C25FF9CAD00B382B4 /* ConditionView.swift in Sources */ = {isa = PBXBuildFile; fileRef = 7490286B25FF9CAD00B382B4 /* ConditionView.swift */; };
		74A7BA41260CF3130041A18A /* Wave.swift in Sources */ = {isa = PBXBuildFile; fileRef = 74A7BA40260CF3130041A18A /* Wave.swift */; };
		74A7BA47260CFBB30041A18A /* MapConfigurator.swift in Sources */ = {isa = PBXBuildFile; fileRef = 74A7BA46260CFBB30041A18A /* MapConfigurator.swift */; };
		74A7BA4D260D1E920041A18A /* RestaurantStockModel.swift in Sources */ = {isa = PBXBuildFile; fileRef = 74A7BA4C260D1E920041A18A /* RestaurantStockModel.swift */; };
		74A7BA51260D1E9F0041A18A /* RestaurantModel.swift in Sources */ = {isa = PBXBuildFile; fileRef = 74A7BA50260D1E9F0041A18A /* RestaurantModel.swift */; };
		74A7BA5A260D28650041A18A /* StockCollectionViewCell.swift in Sources */ = {isa = PBXBuildFile; fileRef = 74A7BA59260D28650041A18A /* StockCollectionViewCell.swift */; };
		74A7BA60260DD5120041A18A /* MapInteractor.swift in Sources */ = {isa = PBXBuildFile; fileRef = 74A7BA5F260DD5120041A18A /* MapInteractor.swift */; };
		74A7BA64260DD5B00041A18A /* MapRouter.swift in Sources */ = {isa = PBXBuildFile; fileRef = 74A7BA63260DD5B00041A18A /* MapRouter.swift */; };
		74A7BA6E260DD6E80041A18A /* RestaurantsService.swift in Sources */ = {isa = PBXBuildFile; fileRef = 74A7BA6D260DD6E80041A18A /* RestaurantsService.swift */; };
		74A7BA72260DD75C0041A18A /* MapExtension.swift in Sources */ = {isa = PBXBuildFile; fileRef = 74A7BA71260DD75C0041A18A /* MapExtension.swift */; };
		74A7BA76260DD7DE0041A18A /* CoordinateRequestModel.swift in Sources */ = {isa = PBXBuildFile; fileRef = 74A7BA75260DD7DE0041A18A /* CoordinateRequestModel.swift */; };
		74A7BA7B260DE5CA0041A18A /* ImageLoader.swift in Sources */ = {isa = PBXBuildFile; fileRef = 74A7BA7A260DE5CA0041A18A /* ImageLoader.swift */; };
		74A7BA83260E1B0E0041A18A /* RestaurantAnnotation.swift in Sources */ = {isa = PBXBuildFile; fileRef = 74A7BA82260E1B0E0041A18A /* RestaurantAnnotation.swift */; };
		74DC6E3D26022DE900FB7DC0 /* MapViewController.swift in Sources */ = {isa = PBXBuildFile; fileRef = 74DC6E3C26022DE900FB7DC0 /* MapViewController.swift */; };
		74DC6E4126022E5800FB7DC0 /* MapPresenter.swift in Sources */ = {isa = PBXBuildFile; fileRef = 74DC6E4026022E5800FB7DC0 /* MapPresenter.swift */; };
		74E6161F25FA98AD00A148F5 /* AppDelegate.swift in Sources */ = {isa = PBXBuildFile; fileRef = 74E6161E25FA98AD00A148F5 /* AppDelegate.swift */; };
		74E6162125FA98AD00A148F5 /* SceneDelegate.swift in Sources */ = {isa = PBXBuildFile; fileRef = 74E6162025FA98AD00A148F5 /* SceneDelegate.swift */; };
		74E6162325FA98AD00A148F5 /* AuthorizationViewController.swift in Sources */ = {isa = PBXBuildFile; fileRef = 74E6162225FA98AD00A148F5 /* AuthorizationViewController.swift */; };
		74E6162825FA98B500A148F5 /* Assets.xcassets in Resources */ = {isa = PBXBuildFile; fileRef = 74E6162725FA98B500A148F5 /* Assets.xcassets */; };
		74E6162B25FA98B500A148F5 /* LaunchScreen.storyboard in Resources */ = {isa = PBXBuildFile; fileRef = 74E6162925FA98B500A148F5 /* LaunchScreen.storyboard */; };
		74E6163825FA997600A148F5 /* AuthorizationPresenter.swift in Sources */ = {isa = PBXBuildFile; fileRef = 74E6163725FA997600A148F5 /* AuthorizationPresenter.swift */; };
		74E6163B25FA998B00A148F5 /* AuthorizationInteractor.swift in Sources */ = {isa = PBXBuildFile; fileRef = 74E6163A25FA998B00A148F5 /* AuthorizationInteractor.swift */; };
		74E6163E25FA999400A148F5 /* AuthorizationRouter.swift in Sources */ = {isa = PBXBuildFile; fileRef = 74E6163D25FA999400A148F5 /* AuthorizationRouter.swift */; };
		74E6164125FA99A400A148F5 /* AuthorizationConfigurator.swift in Sources */ = {isa = PBXBuildFile; fileRef = 74E6164025FA99A400A148F5 /* AuthorizationConfigurator.swift */; };
		FB40BC9C2D5B6A1251AB44A3 /* libPods-GeoFoodTests.a in Frameworks */ = {isa = PBXBuildFile; fileRef = 12D18B1F5407ECEF054F3991 /* libPods-GeoFoodTests.a */; };
/* End PBXBuildFile section */

/* Begin PBXContainerItemProxy section */
		7490282325FF5D1800B382B4 /* PBXContainerItemProxy */ = {
			isa = PBXContainerItemProxy;
			containerPortal = 74E6161325FA98AC00A148F5 /* Project object */;
			proxyType = 1;
			remoteGlobalIDString = 74E6161A25FA98AD00A148F5;
			remoteInfo = GeoFood;
		};
/* End PBXContainerItemProxy section */

/* Begin PBXFileReference section */
		12D18B1F5407ECEF054F3991 /* libPods-GeoFoodTests.a */ = {isa = PBXFileReference; explicitFileType = archive.ar; includeInIndex = 0; path = "libPods-GeoFoodTests.a"; sourceTree = BUILT_PRODUCTS_DIR; };
		2FE5A6F6F6BDF43B5F91C40C /* Pods-GeoFoodTests.debug.xcconfig */ = {isa = PBXFileReference; includeInIndex = 1; lastKnownFileType = text.xcconfig; name = "Pods-GeoFoodTests.debug.xcconfig"; path = "Target Support Files/Pods-GeoFoodTests/Pods-GeoFoodTests.debug.xcconfig"; sourceTree = "<group>"; };
		6ED8DF2AEFBFEACFB236C93E /* Pods-GeoFood.debug.xcconfig */ = {isa = PBXFileReference; includeInIndex = 1; lastKnownFileType = text.xcconfig; name = "Pods-GeoFood.debug.xcconfig"; path = "Target Support Files/Pods-GeoFood/Pods-GeoFood.debug.xcconfig"; sourceTree = "<group>"; };
		7456228026027776003B2D7B /* RestaurantViewController.swift */ = {isa = PBXFileReference; lastKnownFileType = sourcecode.swift; path = RestaurantViewController.swift; sourceTree = "<group>"; };
		745F638A26011655003FB7E9 /* LoginEntryChecker.swift */ = {isa = PBXFileReference; lastKnownFileType = sourcecode.swift; path = LoginEntryChecker.swift; sourceTree = "<group>"; };
		745F639126011C50003FB7E9 /* LoginForm.swift */ = {isa = PBXFileReference; lastKnownFileType = sourcecode.swift; path = LoginForm.swift; sourceTree = "<group>"; };
		7490280D25FCFD8D00B382B4 /* RegistrationViewController.swift */ = {isa = PBXFileReference; lastKnownFileType = sourcecode.swift; path = RegistrationViewController.swift; sourceTree = "<group>"; };
		7490281725FF58A300B382B4 /* AuthorizationService.swift */ = {isa = PBXFileReference; lastKnownFileType = sourcecode.swift; path = AuthorizationService.swift; sourceTree = "<group>"; };
		7490281E25FF5D1800B382B4 /* GeoFoodTests.xctest */ = {isa = PBXFileReference; explicitFileType = wrapper.cfbundle; includeInIndex = 0; path = GeoFoodTests.xctest; sourceTree = BUILT_PRODUCTS_DIR; };
		7490282025FF5D1800B382B4 /* AuthorizationPresenterTests.swift */ = {isa = PBXFileReference; lastKnownFileType = sourcecode.swift; path = AuthorizationPresenterTests.swift; sourceTree = "<group>"; };
		7490282225FF5D1800B382B4 /* Info.plist */ = {isa = PBXFileReference; lastKnownFileType = text.plist.xml; path = Info.plist; sourceTree = "<group>"; };
		7490283825FF63CD00B382B4 /* AuthorizationViewControllerTests.swift */ = {isa = PBXFileReference; lastKnownFileType = sourcecode.swift; path = AuthorizationViewControllerTests.swift; sourceTree = "<group>"; };
		7490283C25FF737B00B382B4 /* RegistrationService.swift */ = {isa = PBXFileReference; lastKnownFileType = sourcecode.swift; path = RegistrationService.swift; sourceTree = "<group>"; };
		7490284025FF738500B382B4 /* Endpoints.swift */ = {isa = PBXFileReference; lastKnownFileType = sourcecode.swift; path = Endpoints.swift; sourceTree = "<group>"; };
		7490285125FF922700B382B4 /* RegistrationConfigurator.swift */ = {isa = PBXFileReference; lastKnownFileType = sourcecode.swift; path = RegistrationConfigurator.swift; sourceTree = "<group>"; };
		7490285525FF93F300B382B4 /* RegistrationPresenter.swift */ = {isa = PBXFileReference; lastKnownFileType = sourcecode.swift; path = RegistrationPresenter.swift; sourceTree = "<group>"; };
		7490285925FF949100B382B4 /* RegistrationInteractor.swift */ = {isa = PBXFileReference; lastKnownFileType = sourcecode.swift; path = RegistrationInteractor.swift; sourceTree = "<group>"; };
		7490285D25FF950500B382B4 /* RegistrationRouter.swift */ = {isa = PBXFileReference; lastKnownFileType = sourcecode.swift; path = RegistrationRouter.swift; sourceTree = "<group>"; };
		7490286325FF9A7600B382B4 /* TextFieldWithConditions.swift */ = {isa = PBXFileReference; lastKnownFileType = sourcecode.swift; path = TextFieldWithConditions.swift; sourceTree = "<group>"; };
		7490286725FF9BB500B382B4 /* TextFieldCondition.swift */ = {isa = PBXFileReference; lastKnownFileType = sourcecode.swift; path = TextFieldCondition.swift; sourceTree = "<group>"; };
		7490286B25FF9CAD00B382B4 /* ConditionView.swift */ = {isa = PBXFileReference; lastKnownFileType = sourcecode.swift; path = ConditionView.swift; sourceTree = "<group>"; };
		74A7BA40260CF3130041A18A /* Wave.swift */ = {isa = PBXFileReference; lastKnownFileType = sourcecode.swift; path = Wave.swift; sourceTree = "<group>"; };
		74A7BA46260CFBB30041A18A /* MapConfigurator.swift */ = {isa = PBXFileReference; lastKnownFileType = sourcecode.swift; path = MapConfigurator.swift; sourceTree = "<group>"; };
		74A7BA4C260D1E920041A18A /* RestaurantStockModel.swift */ = {isa = PBXFileReference; lastKnownFileType = sourcecode.swift; path = RestaurantStockModel.swift; sourceTree = "<group>"; };
		74A7BA50260D1E9F0041A18A /* RestaurantModel.swift */ = {isa = PBXFileReference; lastKnownFileType = sourcecode.swift; path = RestaurantModel.swift; sourceTree = "<group>"; };
		74A7BA59260D28650041A18A /* StockCollectionViewCell.swift */ = {isa = PBXFileReference; lastKnownFileType = sourcecode.swift; path = StockCollectionViewCell.swift; sourceTree = "<group>"; };
		74A7BA5F260DD5120041A18A /* MapInteractor.swift */ = {isa = PBXFileReference; lastKnownFileType = sourcecode.swift; path = MapInteractor.swift; sourceTree = "<group>"; };
		74A7BA63260DD5B00041A18A /* MapRouter.swift */ = {isa = PBXFileReference; lastKnownFileType = sourcecode.swift; path = MapRouter.swift; sourceTree = "<group>"; };
		74A7BA6D260DD6E80041A18A /* RestaurantsService.swift */ = {isa = PBXFileReference; lastKnownFileType = sourcecode.swift; path = RestaurantsService.swift; sourceTree = "<group>"; };
		74A7BA71260DD75C0041A18A /* MapExtension.swift */ = {isa = PBXFileReference; lastKnownFileType = sourcecode.swift; path = MapExtension.swift; sourceTree = "<group>"; };
		74A7BA75260DD7DE0041A18A /* CoordinateRequestModel.swift */ = {isa = PBXFileReference; lastKnownFileType = sourcecode.swift; path = CoordinateRequestModel.swift; sourceTree = "<group>"; };
		74A7BA7A260DE5CA0041A18A /* ImageLoader.swift */ = {isa = PBXFileReference; lastKnownFileType = sourcecode.swift; path = ImageLoader.swift; sourceTree = "<group>"; };
		74A7BA82260E1B0E0041A18A /* RestaurantAnnotation.swift */ = {isa = PBXFileReference; lastKnownFileType = sourcecode.swift; path = RestaurantAnnotation.swift; sourceTree = "<group>"; };
		74DC6E3C26022DE900FB7DC0 /* MapViewController.swift */ = {isa = PBXFileReference; lastKnownFileType = sourcecode.swift; path = MapViewController.swift; sourceTree = "<group>"; };
		74DC6E4026022E5800FB7DC0 /* MapPresenter.swift */ = {isa = PBXFileReference; lastKnownFileType = sourcecode.swift; path = MapPresenter.swift; sourceTree = "<group>"; };
		74E6161B25FA98AD00A148F5 /* GeoFood.app */ = {isa = PBXFileReference; explicitFileType = wrapper.application; includeInIndex = 0; path = GeoFood.app; sourceTree = BUILT_PRODUCTS_DIR; };
		74E6161E25FA98AD00A148F5 /* AppDelegate.swift */ = {isa = PBXFileReference; lastKnownFileType = sourcecode.swift; path = AppDelegate.swift; sourceTree = "<group>"; };
		74E6162025FA98AD00A148F5 /* SceneDelegate.swift */ = {isa = PBXFileReference; lastKnownFileType = sourcecode.swift; path = SceneDelegate.swift; sourceTree = "<group>"; };
		74E6162225FA98AD00A148F5 /* AuthorizationViewController.swift */ = {isa = PBXFileReference; lastKnownFileType = sourcecode.swift; path = AuthorizationViewController.swift; sourceTree = "<group>"; };
		74E6162725FA98B500A148F5 /* Assets.xcassets */ = {isa = PBXFileReference; lastKnownFileType = folder.assetcatalog; path = Assets.xcassets; sourceTree = "<group>"; };
		74E6162A25FA98B500A148F5 /* Base */ = {isa = PBXFileReference; lastKnownFileType = file.storyboard; name = Base; path = Base.lproj/LaunchScreen.storyboard; sourceTree = "<group>"; };
		74E6162C25FA98B500A148F5 /* Info.plist */ = {isa = PBXFileReference; lastKnownFileType = text.plist.xml; path = Info.plist; sourceTree = "<group>"; };
		74E6163725FA997600A148F5 /* AuthorizationPresenter.swift */ = {isa = PBXFileReference; lastKnownFileType = sourcecode.swift; path = AuthorizationPresenter.swift; sourceTree = "<group>"; };
		74E6163A25FA998B00A148F5 /* AuthorizationInteractor.swift */ = {isa = PBXFileReference; lastKnownFileType = sourcecode.swift; path = AuthorizationInteractor.swift; sourceTree = "<group>"; };
		74E6163D25FA999400A148F5 /* AuthorizationRouter.swift */ = {isa = PBXFileReference; lastKnownFileType = sourcecode.swift; path = AuthorizationRouter.swift; sourceTree = "<group>"; };
		74E6164025FA99A400A148F5 /* AuthorizationConfigurator.swift */ = {isa = PBXFileReference; lastKnownFileType = sourcecode.swift; path = AuthorizationConfigurator.swift; sourceTree = "<group>"; };
		93474302D1194A6DABB55C53 /* Pods-GeoFoodTests.release.xcconfig */ = {isa = PBXFileReference; includeInIndex = 1; lastKnownFileType = text.xcconfig; name = "Pods-GeoFoodTests.release.xcconfig"; path = "Target Support Files/Pods-GeoFoodTests/Pods-GeoFoodTests.release.xcconfig"; sourceTree = "<group>"; };
		A3358D879E06F6D110556123 /* libPods-GeoFood.a */ = {isa = PBXFileReference; explicitFileType = archive.ar; includeInIndex = 0; path = "libPods-GeoFood.a"; sourceTree = BUILT_PRODUCTS_DIR; };
		CA5326C72DB6D0A0C1ACDC4A /* Pods-GeoFood.release.xcconfig */ = {isa = PBXFileReference; includeInIndex = 1; lastKnownFileType = text.xcconfig; name = "Pods-GeoFood.release.xcconfig"; path = "Target Support Files/Pods-GeoFood/Pods-GeoFood.release.xcconfig"; sourceTree = "<group>"; };
/* End PBXFileReference section */

/* Begin PBXFrameworksBuildPhase section */
		7490281B25FF5D1800B382B4 /* Frameworks */ = {
			isa = PBXFrameworksBuildPhase;
			buildActionMask = 2147483647;
			files = (
				FB40BC9C2D5B6A1251AB44A3 /* libPods-GeoFoodTests.a in Frameworks */,
			);
			runOnlyForDeploymentPostprocessing = 0;
		};
		74E6161825FA98AD00A148F5 /* Frameworks */ = {
			isa = PBXFrameworksBuildPhase;
			buildActionMask = 2147483647;
			files = (
				2D397D9C1377BA34BB47F5A3 /* libPods-GeoFood.a in Frameworks */,
			);
			runOnlyForDeploymentPostprocessing = 0;
		};
/* End PBXFrameworksBuildPhase section */

/* Begin PBXGroup section */
		7456227F26027722003B2D7B /* Restaurant */ = {
			isa = PBXGroup;
			children = (
				7456228026027776003B2D7B /* RestaurantViewController.swift */,
			);
			path = Restaurant;
			sourceTree = "<group>";
		};
		745F638926011641003FB7E9 /* Helpers */ = {
			isa = PBXGroup;
			children = (
				745F638A26011655003FB7E9 /* LoginEntryChecker.swift */,
				74A7BA71260DD75C0041A18A /* MapExtension.swift */,
			);
			path = Helpers;
			sourceTree = "<group>";
		};
		745F639026011C41003FB7E9 /* Entities */ = {
			isa = PBXGroup;
			children = (
				74A7BA55260D1EBE0041A18A /* Restaurant */,
				74A7BA54260D1EA60041A18A /* Authorization */,
			);
			path = Entities;
			sourceTree = "<group>";
		};
		7490280C25FCFD7500B382B4 /* Registration */ = {
			isa = PBXGroup;
			children = (
				7490280D25FCFD8D00B382B4 /* RegistrationViewController.swift */,
				7490285125FF922700B382B4 /* RegistrationConfigurator.swift */,
				7490285525FF93F300B382B4 /* RegistrationPresenter.swift */,
				7490285925FF949100B382B4 /* RegistrationInteractor.swift */,
				7490285D25FF950500B382B4 /* RegistrationRouter.swift */,
			);
			path = Registration;
			sourceTree = "<group>";
		};
		7490281025FF517500B382B4 /* Services */ = {
			isa = PBXGroup;
			children = (
				7490281525FF588D00B382B4 /* Server */,
			);
			path = Services;
			sourceTree = "<group>";
		};
		7490281525FF588D00B382B4 /* Server */ = {
			isa = PBXGroup;
			children = (
				74A7BA6C260DD6C40041A18A /* Restaurants */,
				74A7BA69260DD68B0041A18A /* Authorization */,
				7490284025FF738500B382B4 /* Endpoints.swift */,
			);
			path = Server;
			sourceTree = "<group>";
		};
		7490281F25FF5D1800B382B4 /* GeoFoodTests */ = {
			isa = PBXGroup;
			children = (
				7490282025FF5D1800B382B4 /* AuthorizationPresenterTests.swift */,
				7490282225FF5D1800B382B4 /* Info.plist */,
				7490283825FF63CD00B382B4 /* AuthorizationViewControllerTests.swift */,
			);
			path = GeoFoodTests;
			sourceTree = "<group>";
		};
		7490284A25FF908800B382B4 /* Resources */ = {
			isa = PBXGroup;
			children = (
				74E6161E25FA98AD00A148F5 /* AppDelegate.swift */,
				74E6162025FA98AD00A148F5 /* SceneDelegate.swift */,
				74E6162725FA98B500A148F5 /* Assets.xcassets */,
				74E6162C25FA98B500A148F5 /* Info.plist */,
			);
			path = Resources;
			sourceTree = "<group>";
		};
		7490286125FF9A2900B382B4 /* Views */ = {
			isa = PBXGroup;
			children = (
				74A7BA58260D284F0041A18A /* Stock */,
				74A7BA3F260CF2F90041A18A /* Wave */,
				7490286225FF9A3500B382B4 /* TextFieldWithConditions */,
			);
			path = Views;
			sourceTree = "<group>";
		};
		7490286225FF9A3500B382B4 /* TextFieldWithConditions */ = {
			isa = PBXGroup;
			children = (
				7490286325FF9A7600B382B4 /* TextFieldWithConditions.swift */,
				7490286725FF9BB500B382B4 /* TextFieldCondition.swift */,
				7490286B25FF9CAD00B382B4 /* ConditionView.swift */,
			);
			path = TextFieldWithConditions;
			sourceTree = "<group>";
		};
		74A7BA3F260CF2F90041A18A /* Wave */ = {
			isa = PBXGroup;
			children = (
				74A7BA40260CF3130041A18A /* Wave.swift */,
			);
			path = Wave;
			sourceTree = "<group>";
		};
		74A7BA54260D1EA60041A18A /* Authorization */ = {
			isa = PBXGroup;
			children = (
				745F639126011C50003FB7E9 /* LoginForm.swift */,
			);
			path = Authorization;
			sourceTree = "<group>";
		};
		74A7BA55260D1EBE0041A18A /* Restaurant */ = {
			isa = PBXGroup;
			children = (
				74A7BA4C260D1E920041A18A /* RestaurantStockModel.swift */,
				74A7BA50260D1E9F0041A18A /* RestaurantModel.swift */,
			);
			path = Restaurant;
			sourceTree = "<group>";
		};
		74A7BA58260D284F0041A18A /* Stock */ = {
			isa = PBXGroup;
			children = (
				74A7BA59260D28650041A18A /* StockCollectionViewCell.swift */,
			);
			path = Stock;
			sourceTree = "<group>";
		};
		74A7BA69260DD68B0041A18A /* Authorization */ = {
			isa = PBXGroup;
			children = (
				7490281725FF58A300B382B4 /* AuthorizationService.swift */,
				7490283C25FF737B00B382B4 /* RegistrationService.swift */,
			);
			path = Authorization;
			sourceTree = "<group>";
		};
		74A7BA6C260DD6C40041A18A /* Restaurants */ = {
			isa = PBXGroup;
			children = (
				74A7BA6D260DD6E80041A18A /* RestaurantsService.swift */,
				74A7BA75260DD7DE0041A18A /* CoordinateRequestModel.swift */,
				74A7BA7A260DE5CA0041A18A /* ImageLoader.swift */,
			);
			path = Restaurants;
			sourceTree = "<group>";
		};
		74DC6E3526022DB500FB7DC0 /* Map */ = {
			isa = PBXGroup;
			children = (
				74DC6E3C26022DE900FB7DC0 /* MapViewController.swift */,
				74DC6E4026022E5800FB7DC0 /* MapPresenter.swift */,
				74A7BA46260CFBB30041A18A /* MapConfigurator.swift */,
				74A7BA5F260DD5120041A18A /* MapInteractor.swift */,
				74A7BA63260DD5B00041A18A /* MapRouter.swift */,
				74A7BA82260E1B0E0041A18A /* RestaurantAnnotation.swift */,
			);
			path = Map;
			sourceTree = "<group>";
		};
		74E6161225FA98AC00A148F5 = {
			isa = PBXGroup;
			children = (
				74E6161D25FA98AD00A148F5 /* GeoFood */,
				7490281F25FF5D1800B382B4 /* GeoFoodTests */,
				74E6161C25FA98AD00A148F5 /* Products */,
				8C5D2EA679C4DE002205725C /* Pods */,
				BE41C17BBBB7A0239E258B71 /* Frameworks */,
			);
			sourceTree = "<group>";
		};
		74E6161C25FA98AD00A148F5 /* Products */ = {
			isa = PBXGroup;
			children = (
				74E6161B25FA98AD00A148F5 /* GeoFood.app */,
				7490281E25FF5D1800B382B4 /* GeoFoodTests.xctest */,
			);
			name = Products;
			sourceTree = "<group>";
		};
		74E6161D25FA98AD00A148F5 /* GeoFood */ = {
			isa = PBXGroup;
			children = (
				745F639026011C41003FB7E9 /* Entities */,
				745F638926011641003FB7E9 /* Helpers */,
				7490286125FF9A2900B382B4 /* Views */,
				7490284A25FF908800B382B4 /* Resources */,
				7490281025FF517500B382B4 /* Services */,
				74E6163425FA992800A148F5 /* Modules */,
				74E6162925FA98B500A148F5 /* LaunchScreen.storyboard */,
			);
			path = GeoFood;
			sourceTree = "<group>";
		};
		74E6163425FA992800A148F5 /* Modules */ = {
			isa = PBXGroup;
			children = (
				7456227F26027722003B2D7B /* Restaurant */,
				74DC6E3526022DB500FB7DC0 /* Map */,
				7490280C25FCFD7500B382B4 /* Registration */,
				74E6163525FA993500A148F5 /* Authorization */,
			);
			path = Modules;
			sourceTree = "<group>";
		};
		74E6163525FA993500A148F5 /* Authorization */ = {
			isa = PBXGroup;
			children = (
				74E6162225FA98AD00A148F5 /* AuthorizationViewController.swift */,
				74E6163725FA997600A148F5 /* AuthorizationPresenter.swift */,
				74E6163A25FA998B00A148F5 /* AuthorizationInteractor.swift */,
				74E6163D25FA999400A148F5 /* AuthorizationRouter.swift */,
				74E6164025FA99A400A148F5 /* AuthorizationConfigurator.swift */,
			);
			path = Authorization;
			sourceTree = "<group>";
		};
		8C5D2EA679C4DE002205725C /* Pods */ = {
			isa = PBXGroup;
			children = (
				6ED8DF2AEFBFEACFB236C93E /* Pods-GeoFood.debug.xcconfig */,
				CA5326C72DB6D0A0C1ACDC4A /* Pods-GeoFood.release.xcconfig */,
				2FE5A6F6F6BDF43B5F91C40C /* Pods-GeoFoodTests.debug.xcconfig */,
				93474302D1194A6DABB55C53 /* Pods-GeoFoodTests.release.xcconfig */,
			);
			path = Pods;
			sourceTree = "<group>";
		};
		BE41C17BBBB7A0239E258B71 /* Frameworks */ = {
			isa = PBXGroup;
			children = (
				A3358D879E06F6D110556123 /* libPods-GeoFood.a */,
				12D18B1F5407ECEF054F3991 /* libPods-GeoFoodTests.a */,
			);
			name = Frameworks;
			sourceTree = "<group>";
		};
/* End PBXGroup section */

/* Begin PBXNativeTarget section */
		7490281D25FF5D1800B382B4 /* GeoFoodTests */ = {
			isa = PBXNativeTarget;
			buildConfigurationList = 7490282525FF5D1800B382B4 /* Build configuration list for PBXNativeTarget "GeoFoodTests" */;
			buildPhases = (
				7DF943E5D272BA8BD5B2E4F7 /* [CP] Check Pods Manifest.lock */,
				7490281A25FF5D1800B382B4 /* Sources */,
				7490281B25FF5D1800B382B4 /* Frameworks */,
				7490281C25FF5D1800B382B4 /* Resources */,
				7490284425FF8F3500B382B4 /* ShellScript */,
			);
			buildRules = (
			);
			dependencies = (
				7490282425FF5D1800B382B4 /* PBXTargetDependency */,
			);
			name = GeoFoodTests;
			productName = GeoFoodTests;
			productReference = 7490281E25FF5D1800B382B4 /* GeoFoodTests.xctest */;
			productType = "com.apple.product-type.bundle.unit-test";
		};
		74E6161A25FA98AD00A148F5 /* GeoFood */ = {
			isa = PBXNativeTarget;
			buildConfigurationList = 74E6162F25FA98B500A148F5 /* Build configuration list for PBXNativeTarget "GeoFood" */;
			buildPhases = (
				AD1B2AB0A4B2D8F3445D97DD /* [CP] Check Pods Manifest.lock */,
				74E6161725FA98AD00A148F5 /* Sources */,
				74E6161825FA98AD00A148F5 /* Frameworks */,
				74E6161925FA98AD00A148F5 /* Resources */,
				7490284725FF8FBB00B382B4 /* ShellScript */,
			);
			buildRules = (
			);
			dependencies = (
			);
			name = GeoFood;
			productName = GeoFood;
			productReference = 74E6161B25FA98AD00A148F5 /* GeoFood.app */;
			productType = "com.apple.product-type.application";
		};
/* End PBXNativeTarget section */

/* Begin PBXProject section */
		74E6161325FA98AC00A148F5 /* Project object */ = {
			isa = PBXProject;
			attributes = {
				LastSwiftUpdateCheck = 1230;
				LastUpgradeCheck = 1230;
				TargetAttributes = {
					7490281D25FF5D1800B382B4 = {
						CreatedOnToolsVersion = 12.3;
						TestTargetID = 74E6161A25FA98AD00A148F5;
					};
					74E6161A25FA98AD00A148F5 = {
						CreatedOnToolsVersion = 12.3;
					};
				};
			};
			buildConfigurationList = 74E6161625FA98AC00A148F5 /* Build configuration list for PBXProject "GeoFood" */;
			compatibilityVersion = "Xcode 9.3";
			developmentRegion = en;
			hasScannedForEncodings = 0;
			knownRegions = (
				en,
				Base,
			);
			mainGroup = 74E6161225FA98AC00A148F5;
			productRefGroup = 74E6161C25FA98AD00A148F5 /* Products */;
			projectDirPath = "";
			projectRoot = "";
			targets = (
				74E6161A25FA98AD00A148F5 /* GeoFood */,
				7490281D25FF5D1800B382B4 /* GeoFoodTests */,
			);
		};
/* End PBXProject section */

/* Begin PBXResourcesBuildPhase section */
		7490281C25FF5D1800B382B4 /* Resources */ = {
			isa = PBXResourcesBuildPhase;
			buildActionMask = 2147483647;
			files = (
			);
			runOnlyForDeploymentPostprocessing = 0;
		};
		74E6161925FA98AD00A148F5 /* Resources */ = {
			isa = PBXResourcesBuildPhase;
			buildActionMask = 2147483647;
			files = (
				74E6162B25FA98B500A148F5 /* LaunchScreen.storyboard in Resources */,
				74E6162825FA98B500A148F5 /* Assets.xcassets in Resources */,
			);
			runOnlyForDeploymentPostprocessing = 0;
		};
/* End PBXResourcesBuildPhase section */

/* Begin PBXShellScriptBuildPhase section */
		7490284425FF8F3500B382B4 /* ShellScript */ = {
			isa = PBXShellScriptBuildPhase;
			buildActionMask = 2147483647;
			files = (
			);
			inputFileListPaths = (
			);
			inputPaths = (
			);
			outputFileListPaths = (
			);
			outputPaths = (
			);
			runOnlyForDeploymentPostprocessing = 0;
			shellPath = /bin/sh;
			shellScript = "TAGS=\"TODO:|FIXME:\"\nERRORTAG=\"ERROR:\"\nOUTPUT=$(find \"${SRCROOT}\" \\( -name \"*.h\" -or -name \"*.m\" -or -name \"*.swift\" \\) -print0 | xargs -0 egrep --with-filename --line-number --only-matching \"($TAGS).*\\$|($ERRORTAG).*\\$\" | perl -p -e \"s/($TAGS)/ warning: \\$1/\" | perl -p -e \"s/($ERRORTAG)/ error: \\$1/\")\nECHO \"$OUTPUT\"\n\nif [[ $OUTPUT == *\" error: \"* ]]\nthen\nexit 1\nfi\n";
		};
		7490284725FF8FBB00B382B4 /* ShellScript */ = {
			isa = PBXShellScriptBuildPhase;
			buildActionMask = 2147483647;
			files = (
			);
			inputFileListPaths = (
			);
			inputPaths = (
			);
			outputFileListPaths = (
			);
			outputPaths = (
			);
			runOnlyForDeploymentPostprocessing = 0;
			shellPath = /bin/sh;
			shellScript = "TAGS=\"TODO:|FIXME:\"\nERRORTAG=\"ERROR:\"\nOUTPUT=$(find \"${SRCROOT}\" \\( -name \"*.h\" -or -name \"*.m\" -or -name \"*.swift\" \\) -print0 | xargs -0 egrep --with-filename --line-number --only-matching \"($TAGS).*\\$|($ERRORTAG).*\\$\" | perl -p -e \"s/($TAGS)/ warning: \\$1/\" | perl -p -e \"s/($ERRORTAG)/ error: \\$1/\")\nECHO \"$OUTPUT\"\n\nif [[ $OUTPUT == *\" error: \"* ]]\nthen\nexit 1\nfi\n";
		};
		7DF943E5D272BA8BD5B2E4F7 /* [CP] Check Pods Manifest.lock */ = {
			isa = PBXShellScriptBuildPhase;
			buildActionMask = 2147483647;
			files = (
			);
			inputFileListPaths = (
			);
			inputPaths = (
				"${PODS_PODFILE_DIR_PATH}/Podfile.lock",
				"${PODS_ROOT}/Manifest.lock",
			);
			name = "[CP] Check Pods Manifest.lock";
			outputFileListPaths = (
			);
			outputPaths = (
				"$(DERIVED_FILE_DIR)/Pods-GeoFoodTests-checkManifestLockResult.txt",
			);
			runOnlyForDeploymentPostprocessing = 0;
			shellPath = /bin/sh;
			shellScript = "diff \"${PODS_PODFILE_DIR_PATH}/Podfile.lock\" \"${PODS_ROOT}/Manifest.lock\" > /dev/null\nif [ $? != 0 ] ; then\n    # print error to STDERR\n    echo \"error: The sandbox is not in sync with the Podfile.lock. Run 'pod install' or update your CocoaPods installation.\" >&2\n    exit 1\nfi\n# This output is used by Xcode 'outputs' to avoid re-running this script phase.\necho \"SUCCESS\" > \"${SCRIPT_OUTPUT_FILE_0}\"\n";
			showEnvVarsInLog = 0;
		};
		AD1B2AB0A4B2D8F3445D97DD /* [CP] Check Pods Manifest.lock */ = {
			isa = PBXShellScriptBuildPhase;
			buildActionMask = 2147483647;
			files = (
			);
			inputFileListPaths = (
			);
			inputPaths = (
				"${PODS_PODFILE_DIR_PATH}/Podfile.lock",
				"${PODS_ROOT}/Manifest.lock",
			);
			name = "[CP] Check Pods Manifest.lock";
			outputFileListPaths = (
			);
			outputPaths = (
				"$(DERIVED_FILE_DIR)/Pods-GeoFood-checkManifestLockResult.txt",
			);
			runOnlyForDeploymentPostprocessing = 0;
			shellPath = /bin/sh;
			shellScript = "diff \"${PODS_PODFILE_DIR_PATH}/Podfile.lock\" \"${PODS_ROOT}/Manifest.lock\" > /dev/null\nif [ $? != 0 ] ; then\n    # print error to STDERR\n    echo \"error: The sandbox is not in sync with the Podfile.lock. Run 'pod install' or update your CocoaPods installation.\" >&2\n    exit 1\nfi\n# This output is used by Xcode 'outputs' to avoid re-running this script phase.\necho \"SUCCESS\" > \"${SCRIPT_OUTPUT_FILE_0}\"\n";
			showEnvVarsInLog = 0;
		};
/* End PBXShellScriptBuildPhase section */

/* Begin PBXSourcesBuildPhase section */
		7490281A25FF5D1800B382B4 /* Sources */ = {
			isa = PBXSourcesBuildPhase;
			buildActionMask = 2147483647;
			files = (
				7490283925FF63CD00B382B4 /* AuthorizationViewControllerTests.swift in Sources */,
				7490282125FF5D1800B382B4 /* AuthorizationPresenterTests.swift in Sources */,
			);
			runOnlyForDeploymentPostprocessing = 0;
		};
		74E6161725FA98AD00A148F5 /* Sources */ = {
			isa = PBXSourcesBuildPhase;
			buildActionMask = 2147483647;
			files = (
				74A7BA64260DD5B00041A18A /* MapRouter.swift in Sources */,
				7490281825FF58A300B382B4 /* AuthorizationService.swift in Sources */,
				7456228126027776003B2D7B /* RestaurantViewController.swift in Sources */,
				74A7BA51260D1E9F0041A18A /* RestaurantModel.swift in Sources */,
				74A7BA60260DD5120041A18A /* MapInteractor.swift in Sources */,
				74E6163825FA997600A148F5 /* AuthorizationPresenter.swift in Sources */,
				74A7BA5A260D28650041A18A /* StockCollectionViewCell.swift in Sources */,
				74A7BA47260CFBB30041A18A /* MapConfigurator.swift in Sources */,
				74A7BA72260DD75C0041A18A /* MapExtension.swift in Sources */,
				74E6162325FA98AD00A148F5 /* AuthorizationViewController.swift in Sources */,
				74A7BA6E260DD6E80041A18A /* RestaurantsService.swift in Sources */,
				74DC6E4126022E5800FB7DC0 /* MapPresenter.swift in Sources */,
				7490280E25FCFD8D00B382B4 /* RegistrationViewController.swift in Sources */,
				74A7BA41260CF3130041A18A /* Wave.swift in Sources */,
				74E6163E25FA999400A148F5 /* AuthorizationRouter.swift in Sources */,
				745F638B26011655003FB7E9 /* LoginEntryChecker.swift in Sources */,
				74E6163B25FA998B00A148F5 /* AuthorizationInteractor.swift in Sources */,
				7490283D25FF737B00B382B4 /* RegistrationService.swift in Sources */,
				7490286425FF9A7600B382B4 /* TextFieldWithConditions.swift in Sources */,
				74A7BA4D260D1E920041A18A /* RestaurantStockModel.swift in Sources */,
				7490285625FF93F300B382B4 /* RegistrationPresenter.swift in Sources */,
				7490285225FF922700B382B4 /* RegistrationConfigurator.swift in Sources */,
				7490286C25FF9CAD00B382B4 /* ConditionView.swift in Sources */,
				74A7BA83260E1B0E0041A18A /* RestaurantAnnotation.swift in Sources */,
				74E6164125FA99A400A148F5 /* AuthorizationConfigurator.swift in Sources */,
				74A7BA76260DD7DE0041A18A /* CoordinateRequestModel.swift in Sources */,
				74DC6E3D26022DE900FB7DC0 /* MapViewController.swift in Sources */,
				74E6161F25FA98AD00A148F5 /* AppDelegate.swift in Sources */,
				7490285A25FF949100B382B4 /* RegistrationInteractor.swift in Sources */,
				74A7BA7B260DE5CA0041A18A /* ImageLoader.swift in Sources */,
				745F639226011C50003FB7E9 /* LoginForm.swift in Sources */,
				74E6162125FA98AD00A148F5 /* SceneDelegate.swift in Sources */,
				7490284125FF738500B382B4 /* Endpoints.swift in Sources */,
				7490285E25FF950500B382B4 /* RegistrationRouter.swift in Sources */,
				7490286825FF9BB500B382B4 /* TextFieldCondition.swift in Sources */,
			);
			runOnlyForDeploymentPostprocessing = 0;
		};
/* End PBXSourcesBuildPhase section */

/* Begin PBXTargetDependency section */
		7490282425FF5D1800B382B4 /* PBXTargetDependency */ = {
			isa = PBXTargetDependency;
			target = 74E6161A25FA98AD00A148F5 /* GeoFood */;
			targetProxy = 7490282325FF5D1800B382B4 /* PBXContainerItemProxy */;
		};
/* End PBXTargetDependency section */

/* Begin PBXVariantGroup section */
		74E6162925FA98B500A148F5 /* LaunchScreen.storyboard */ = {
			isa = PBXVariantGroup;
			children = (
				74E6162A25FA98B500A148F5 /* Base */,
			);
			name = LaunchScreen.storyboard;
			sourceTree = "<group>";
		};
/* End PBXVariantGroup section */

/* Begin XCBuildConfiguration section */
		7490282625FF5D1800B382B4 /* Debug */ = {
			isa = XCBuildConfiguration;
			baseConfigurationReference = 2FE5A6F6F6BDF43B5F91C40C /* Pods-GeoFoodTests.debug.xcconfig */;
			buildSettings = {
				BUNDLE_LOADER = "$(TEST_HOST)";
				CODE_SIGN_STYLE = Automatic;
				DEVELOPMENT_TEAM = 3VF2NCMJXG;
				INFOPLIST_FILE = GeoFoodTests/Info.plist;
				LD_RUNPATH_SEARCH_PATHS = (
					"$(inherited)",
					"@executable_path/Frameworks",
					"@loader_path/Frameworks",
				);
				PRODUCT_BUNDLE_IDENTIFIER = com.zazzaze.GeoFoodTests;
				PRODUCT_NAME = "$(TARGET_NAME)";
				SWIFT_VERSION = 5.0;
				TARGETED_DEVICE_FAMILY = "1,2";
				TEST_HOST = "$(BUILT_PRODUCTS_DIR)/GeoFood.app/GeoFood";
			};
			name = Debug;
		};
		7490282725FF5D1800B382B4 /* Release */ = {
			isa = XCBuildConfiguration;
			baseConfigurationReference = 93474302D1194A6DABB55C53 /* Pods-GeoFoodTests.release.xcconfig */;
			buildSettings = {
				BUNDLE_LOADER = "$(TEST_HOST)";
				CODE_SIGN_STYLE = Automatic;
				DEVELOPMENT_TEAM = 3VF2NCMJXG;
				INFOPLIST_FILE = GeoFoodTests/Info.plist;
				LD_RUNPATH_SEARCH_PATHS = (
					"$(inherited)",
					"@executable_path/Frameworks",
					"@loader_path/Frameworks",
				);
				PRODUCT_BUNDLE_IDENTIFIER = com.zazzaze.GeoFoodTests;
				PRODUCT_NAME = "$(TARGET_NAME)";
				SWIFT_VERSION = 5.0;
				TARGETED_DEVICE_FAMILY = "1,2";
				TEST_HOST = "$(BUILT_PRODUCTS_DIR)/GeoFood.app/GeoFood";
			};
			name = Release;
		};
		74E6162D25FA98B500A148F5 /* Debug */ = {
			isa = XCBuildConfiguration;
			buildSettings = {
				ALWAYS_SEARCH_USER_PATHS = NO;
				CLANG_ANALYZER_NONNULL = YES;
				CLANG_ANALYZER_NUMBER_OBJECT_CONVERSION = YES_AGGRESSIVE;
				CLANG_CXX_LANGUAGE_STANDARD = "gnu++14";
				CLANG_CXX_LIBRARY = "libc++";
				CLANG_ENABLE_MODULES = YES;
				CLANG_ENABLE_OBJC_ARC = YES;
				CLANG_ENABLE_OBJC_WEAK = YES;
				CLANG_WARN_BLOCK_CAPTURE_AUTORELEASING = YES;
				CLANG_WARN_BOOL_CONVERSION = YES;
				CLANG_WARN_COMMA = YES;
				CLANG_WARN_CONSTANT_CONVERSION = YES;
				CLANG_WARN_DEPRECATED_OBJC_IMPLEMENTATIONS = YES;
				CLANG_WARN_DIRECT_OBJC_ISA_USAGE = YES_ERROR;
				CLANG_WARN_DOCUMENTATION_COMMENTS = YES;
				CLANG_WARN_EMPTY_BODY = YES;
				CLANG_WARN_ENUM_CONVERSION = YES;
				CLANG_WARN_INFINITE_RECURSION = YES;
				CLANG_WARN_INT_CONVERSION = YES;
				CLANG_WARN_NON_LITERAL_NULL_CONVERSION = YES;
				CLANG_WARN_OBJC_IMPLICIT_RETAIN_SELF = YES;
				CLANG_WARN_OBJC_LITERAL_CONVERSION = YES;
				CLANG_WARN_OBJC_ROOT_CLASS = YES_ERROR;
				CLANG_WARN_QUOTED_INCLUDE_IN_FRAMEWORK_HEADER = YES;
				CLANG_WARN_RANGE_LOOP_ANALYSIS = YES;
				CLANG_WARN_STRICT_PROTOTYPES = YES;
				CLANG_WARN_SUSPICIOUS_MOVE = YES;
				CLANG_WARN_UNGUARDED_AVAILABILITY = YES_AGGRESSIVE;
				CLANG_WARN_UNREACHABLE_CODE = YES;
				CLANG_WARN__DUPLICATE_METHOD_MATCH = YES;
				COPY_PHASE_STRIP = NO;
				DEBUG_INFORMATION_FORMAT = dwarf;
				ENABLE_STRICT_OBJC_MSGSEND = YES;
				ENABLE_TESTABILITY = YES;
				GCC_C_LANGUAGE_STANDARD = gnu11;
				GCC_DYNAMIC_NO_PIC = NO;
				GCC_NO_COMMON_BLOCKS = YES;
				GCC_OPTIMIZATION_LEVEL = 0;
				GCC_PREPROCESSOR_DEFINITIONS = (
					"DEBUG=1",
					"$(inherited)",
				);
				GCC_WARN_64_TO_32_BIT_CONVERSION = YES;
				GCC_WARN_ABOUT_RETURN_TYPE = YES_ERROR;
				GCC_WARN_UNDECLARED_SELECTOR = YES;
				GCC_WARN_UNINITIALIZED_AUTOS = YES_AGGRESSIVE;
				GCC_WARN_UNUSED_FUNCTION = YES;
				GCC_WARN_UNUSED_VARIABLE = YES;
				IPHONEOS_DEPLOYMENT_TARGET = 14.3;
				MTL_ENABLE_DEBUG_INFO = INCLUDE_SOURCE;
				MTL_FAST_MATH = YES;
				ONLY_ACTIVE_ARCH = YES;
				SDKROOT = iphoneos;
				SWIFT_ACTIVE_COMPILATION_CONDITIONS = DEBUG;
				SWIFT_OPTIMIZATION_LEVEL = "-Onone";
			};
			name = Debug;
		};
		74E6162E25FA98B500A148F5 /* Release */ = {
			isa = XCBuildConfiguration;
			buildSettings = {
				ALWAYS_SEARCH_USER_PATHS = NO;
				CLANG_ANALYZER_NONNULL = YES;
				CLANG_ANALYZER_NUMBER_OBJECT_CONVERSION = YES_AGGRESSIVE;
				CLANG_CXX_LANGUAGE_STANDARD = "gnu++14";
				CLANG_CXX_LIBRARY = "libc++";
				CLANG_ENABLE_MODULES = YES;
				CLANG_ENABLE_OBJC_ARC = YES;
				CLANG_ENABLE_OBJC_WEAK = YES;
				CLANG_WARN_BLOCK_CAPTURE_AUTORELEASING = YES;
				CLANG_WARN_BOOL_CONVERSION = YES;
				CLANG_WARN_COMMA = YES;
				CLANG_WARN_CONSTANT_CONVERSION = YES;
				CLANG_WARN_DEPRECATED_OBJC_IMPLEMENTATIONS = YES;
				CLANG_WARN_DIRECT_OBJC_ISA_USAGE = YES_ERROR;
				CLANG_WARN_DOCUMENTATION_COMMENTS = YES;
				CLANG_WARN_EMPTY_BODY = YES;
				CLANG_WARN_ENUM_CONVERSION = YES;
				CLANG_WARN_INFINITE_RECURSION = YES;
				CLANG_WARN_INT_CONVERSION = YES;
				CLANG_WARN_NON_LITERAL_NULL_CONVERSION = YES;
				CLANG_WARN_OBJC_IMPLICIT_RETAIN_SELF = YES;
				CLANG_WARN_OBJC_LITERAL_CONVERSION = YES;
				CLANG_WARN_OBJC_ROOT_CLASS = YES_ERROR;
				CLANG_WARN_QUOTED_INCLUDE_IN_FRAMEWORK_HEADER = YES;
				CLANG_WARN_RANGE_LOOP_ANALYSIS = YES;
				CLANG_WARN_STRICT_PROTOTYPES = YES;
				CLANG_WARN_SUSPICIOUS_MOVE = YES;
				CLANG_WARN_UNGUARDED_AVAILABILITY = YES_AGGRESSIVE;
				CLANG_WARN_UNREACHABLE_CODE = YES;
				CLANG_WARN__DUPLICATE_METHOD_MATCH = YES;
				COPY_PHASE_STRIP = NO;
				DEBUG_INFORMATION_FORMAT = "dwarf-with-dsym";
				ENABLE_NS_ASSERTIONS = NO;
				ENABLE_STRICT_OBJC_MSGSEND = YES;
				GCC_C_LANGUAGE_STANDARD = gnu11;
				GCC_NO_COMMON_BLOCKS = YES;
				GCC_WARN_64_TO_32_BIT_CONVERSION = YES;
				GCC_WARN_ABOUT_RETURN_TYPE = YES_ERROR;
				GCC_WARN_UNDECLARED_SELECTOR = YES;
				GCC_WARN_UNINITIALIZED_AUTOS = YES_AGGRESSIVE;
				GCC_WARN_UNUSED_FUNCTION = YES;
				GCC_WARN_UNUSED_VARIABLE = YES;
				IPHONEOS_DEPLOYMENT_TARGET = 14.3;
				MTL_ENABLE_DEBUG_INFO = NO;
				MTL_FAST_MATH = YES;
				SDKROOT = iphoneos;
				SWIFT_COMPILATION_MODE = wholemodule;
				SWIFT_OPTIMIZATION_LEVEL = "-O";
				VALIDATE_PRODUCT = YES;
			};
			name = Release;
		};
		74E6163025FA98B500A148F5 /* Debug */ = {
			isa = XCBuildConfiguration;
			baseConfigurationReference = 6ED8DF2AEFBFEACFB236C93E /* Pods-GeoFood.debug.xcconfig */;
			buildSettings = {
				ASSETCATALOG_COMPILER_APPICON_NAME = AppIcon;
				ASSETCATALOG_COMPILER_GLOBAL_ACCENT_COLOR_NAME = AccentColor;
				CODE_SIGN_STYLE = Automatic;
				DEVELOPMENT_TEAM = 3VF2NCMJXG;
				INFOPLIST_FILE = GeoFood/Resources/Info.plist;
				LD_RUNPATH_SEARCH_PATHS = (
					"$(inherited)",
					"@executable_path/Frameworks",
				);
				PRODUCT_BUNDLE_IDENTIFIER = com.zazzaze.GeoFood;
				PRODUCT_NAME = "$(TARGET_NAME)";
				SWIFT_VERSION = 5.0;
				TARGETED_DEVICE_FAMILY = "1,2";
			};
			name = Debug;
		};
		74E6163125FA98B500A148F5 /* Release */ = {
			isa = XCBuildConfiguration;
			baseConfigurationReference = CA5326C72DB6D0A0C1ACDC4A /* Pods-GeoFood.release.xcconfig */;
			buildSettings = {
				ASSETCATALOG_COMPILER_APPICON_NAME = AppIcon;
				ASSETCATALOG_COMPILER_GLOBAL_ACCENT_COLOR_NAME = AccentColor;
				CODE_SIGN_STYLE = Automatic;
				DEVELOPMENT_TEAM = 3VF2NCMJXG;
				INFOPLIST_FILE = GeoFood/Resources/Info.plist;
				LD_RUNPATH_SEARCH_PATHS = (
					"$(inherited)",
					"@executable_path/Frameworks",
				);
				PRODUCT_BUNDLE_IDENTIFIER = com.zazzaze.GeoFood;
				PRODUCT_NAME = "$(TARGET_NAME)";
				SWIFT_VERSION = 5.0;
				TARGETED_DEVICE_FAMILY = "1,2";
			};
			name = Release;
		};
/* End XCBuildConfiguration section */

/* Begin XCConfigurationList section */
		7490282525FF5D1800B382B4 /* Build configuration list for PBXNativeTarget "GeoFoodTests" */ = {
			isa = XCConfigurationList;
			buildConfigurations = (
				7490282625FF5D1800B382B4 /* Debug */,
				7490282725FF5D1800B382B4 /* Release */,
			);
			defaultConfigurationIsVisible = 0;
			defaultConfigurationName = Release;
		};
		74E6161625FA98AC00A148F5 /* Build configuration list for PBXProject "GeoFood" */ = {
			isa = XCConfigurationList;
			buildConfigurations = (
				74E6162D25FA98B500A148F5 /* Debug */,
				74E6162E25FA98B500A148F5 /* Release */,
			);
			defaultConfigurationIsVisible = 0;
			defaultConfigurationName = Release;
		};
		74E6162F25FA98B500A148F5 /* Build configuration list for PBXNativeTarget "GeoFood" */ = {
			isa = XCConfigurationList;
			buildConfigurations = (
				74E6163025FA98B500A148F5 /* Debug */,
				74E6163125FA98B500A148F5 /* Release */,
			);
			defaultConfigurationIsVisible = 0;
			defaultConfigurationName = Release;
		};
/* End XCConfigurationList section */
	};
	rootObject = 74E6161325FA98AC00A148F5 /* Project object */;
}
